# THIS IS AN AUTOGENERATED FILE. DO NOT EDIT THIS FILE DIRECTLY.
# yarn lockfile v1


"@rails/actioncable@>= 6.0":
  version "6.1.0"
  resolved "https://registry.yarnpkg.com/@rails/actioncable/-/actioncable-6.1.0.tgz#f336f25450b1bc43b99bc60557a70b6e6bb1d3d2"
  integrity sha512-eDgy+vcKN9RIzxmMBfSAe77rTj2cp6kJALiVQyKrW2O9EK2MdostOmP+99At/Dit3ur5+77NVnruxD7y14ZYFA==

"cable_ready@>= 4.4":
  version "4.4.5"
  resolved "https://registry.yarnpkg.com/cable_ready/-/cable_ready-4.4.5.tgz#50512766e4359a4644535e7d669b38ee379d287c"
  integrity sha512-Ex5ejxdcamPJI5V/m3ga94hZx9YgfPzWOnViGuRbY36PlWZmN9euY3VJCH7yLO75SaUKTw+1AvhReA5aUdbnmQ==
  dependencies:
    morphdom "^2.6.1"

morphdom@^2.6.1:
  version "2.6.1"
  resolved "https://registry.yarnpkg.com/morphdom/-/morphdom-2.6.1.tgz#e868e24f989fa3183004b159aed643e628b4306e"
  integrity sha512-Y8YRbAEP3eKykroIBWrjcfMw7mmwJfjhqdpSvoqinu8Y702nAwikpXcNFDiIkyvfCLxLM9Wu95RZqo4a9jFBaA==

stimulus_reflex@3.4.0-pre9:
  version "3.4.0-pre9"
  resolved "https://registry.yarnpkg.com/stimulus_reflex/-/stimulus_reflex-3.4.0-pre9.tgz#acad837ea8598c23f1dac41b438938d575f38da2"
  integrity sha512-qWBkqbVHoTfmASMMMnkTCvZ5lAcRmaEoeUKsBVIjVAdhxvNqS5qoXQYouJHHwcE6G0x5tZ5DvydcBisFom/g8w==
  dependencies:
    "@rails/actioncable" ">= 6.0"
    cable_ready ">= 4.4"
